
Microsoft Visual Studio Solution File, Format Version 12.00
# Visual Studio Version 16
VisualStudioVersion = 16.0.31702.278
MinimumVisualStudioVersion = 10.0.40219.1
Project("{FAE04EC0-301F-11D3-BF4B-00C04F79EFBC}") = "Tjx.MultiKeyDictionary", "Tjx.MultiKeyDictionary.csproj", "{3D9C45A2-A6F9-4EEE-B136-16AC2A94D7FC}"
EndProject
Global
	GlobalSection(SolutionConfigurationPlatforms) = preSolution
		Debug|Any CPU = Debug|Any CPU
		Release|Any CPU = Release|Any CPU
	EndGlobalSection
	GlobalSection(ProjectConfigurationPlatforms) = postSolution
		{3D9C45A2-A6F9-4EEE-B136-16AC2A94D7FC}.Debug|Any CPU.ActiveCfg = Debug|Any CPU
		{3D9C45A2-A6F9-4EEE-B136-16AC2A94D7FC}.Debug|Any CPU.Build.0 = Debug|Any CPU
		{3D9C45A2-A6F9-4EEE-B136-16AC2A94D7FC}.Release|Any CPU.ActiveCfg = Release|Any CPU
		{3D9C45A2-A6F9-4EEE-B136-16AC2A94D7FC}.Release|Any CPU.Build.0 = Release|Any CPU
	EndGlobalSection
	GlobalSection(SolutionProperties) = preSolution
		HideSolutionNode = FALSE
	EndGlobalSection
	GlobalSection(ExtensibilityGlobals) = postSolution
		SolutionGuid = {32D7736C-076E-4B92-9D8D-A9000229610B}
	EndGlobalSection
EndGlobal
